
Microsoft Visual Studio Solution File, Format Version 10.00
# Visual Studio 2008
Project("{901F95BB-0EF7-4A93-94B5-A8655FA8CA96}") = "mod_1", "mod_1\mod_1.pbxml", "{79349665-77C4-4045-8327-0890A0E5FCF9}"
EndProject
Global
	GlobalSection(SolutionConfigurationPlatforms) = preSolution
		BSP Template  ARMv7 Checked|Platform Builder (_TGTCPU) = BSP Template  ARMv7 Checked|Platform Builder (_TGTCPU)
		BSP Template  ARMv7 Debug|Platform Builder (_TGTCPU) = BSP Template  ARMv7 Debug|Platform Builder (_TGTCPU)
		BSP Template  ARMv7 Release|Platform Builder (_TGTCPU) = BSP Template  ARMv7 Release|Platform Builder (_TGTCPU)
		Debug|Platform Builder (_TGTCPU) = Debug|Platform Builder (_TGTCPU)
		Release|Platform Builder (_TGTCPU) = Release|Platform Builder (_TGTCPU)
	EndGlobalSection
	GlobalSection(ProjectConfigurationPlatforms) = postSolution
		{79349665-77C4-4045-8327-0890A0E5FCF9}.BSP Template  ARMv7 Checked|Platform Builder (_TGTCPU).ActiveCfg = BSP Template  ARMv7 Checked|Platform Builder (_TGTCPU)
		{79349665-77C4-4045-8327-0890A0E5FCF9}.BSP Template  ARMv7 Checked|Platform Builder (_TGTCPU).Build.0 = BSP Template  ARMv7 Checked|Platform Builder (_TGTCPU)
		{79349665-77C4-4045-8327-0890A0E5FCF9}.BSP Template  ARMv7 Debug|Platform Builder (_TGTCPU).ActiveCfg = BSP Template  ARMv7 Debug|Platform Builder (_TGTCPU)
		{79349665-77C4-4045-8327-0890A0E5FCF9}.BSP Template  ARMv7 Debug|Platform Builder (_TGTCPU).Build.0 = BSP Template  ARMv7 Debug|Platform Builder (_TGTCPU)
		{79349665-77C4-4045-8327-0890A0E5FCF9}.BSP Template  ARMv7 Release|Platform Builder (_TGTCPU).ActiveCfg = BSP Template  ARMv7 Release|Platform Builder (_TGTCPU)
		{79349665-77C4-4045-8327-0890A0E5FCF9}.BSP Template  ARMv7 Release|Platform Builder (_TGTCPU).Build.0 = BSP Template  ARMv7 Release|Platform Builder (_TGTCPU)
		{79349665-77C4-4045-8327-0890A0E5FCF9}.Debug|Platform Builder (_TGTCPU).ActiveCfg = BSP Template  ARMv7 Debug|Platform Builder (_TGTCPU)
		{79349665-77C4-4045-8327-0890A0E5FCF9}.Debug|Platform Builder (_TGTCPU).Build.0 = BSP Template  ARMv7 Debug|Platform Builder (_TGTCPU)
		{79349665-77C4-4045-8327-0890A0E5FCF9}.Release|Platform Builder (_TGTCPU).ActiveCfg = BSP Template  ARMv7 Release|Platform Builder (_TGTCPU)
		{79349665-77C4-4045-8327-0890A0E5FCF9}.Release|Platform Builder (_TGTCPU).Build.0 = BSP Template  ARMv7 Release|Platform Builder (_TGTCPU)
		{4027C262-41C5-4D7E-8659-89FFCECB4862}.BSP Template  ARMv7 Checked|Platform Builder (_TGTCPU).ActiveCfg = Release|Platform Builder (_TGTCPU)
		{4027C262-41C5-4D7E-8659-89FFCECB4862}.BSP Template  ARMv7 Checked|Platform Builder (_TGTCPU).Deploy.0 = Release|Platform Builder (_TGTCPU)
		{4027C262-41C5-4D7E-8659-89FFCECB4862}.BSP Template  ARMv7 Debug|Platform Builder (_TGTCPU).ActiveCfg = Debug|Platform Builder (_TGTCPU)
		{4027C262-41C5-4D7E-8659-89FFCECB4862}.BSP Template  ARMv7 Debug|Platform Builder (_TGTCPU).Deploy.0 = Debug|Platform Builder (_TGTCPU)
		{4027C262-41C5-4D7E-8659-89FFCECB4862}.BSP Template  ARMv7 Release|Platform Builder (_TGTCPU).ActiveCfg = Release|Platform Builder (_TGTCPU)
		{4027C262-41C5-4D7E-8659-89FFCECB4862}.BSP Template  ARMv7 Release|Platform Builder (_TGTCPU).Deploy.0 = Release|Platform Builder (_TGTCPU)
		{4027C262-41C5-4D7E-8659-89FFCECB4862}.Debug|Platform Builder (_TGTCPU).ActiveCfg = Debug|Platform Builder (_TGTCPU)
		{4027C262-41C5-4D7E-8659-89FFCECB4862}.Debug|Platform Builder (_TGTCPU).Deploy.0 = Debug|Platform Builder (_TGTCPU)
		{4027C262-41C5-4D7E-8659-89FFCECB4862}.Release|Platform Builder (_TGTCPU).ActiveCfg = Release|Platform Builder (_TGTCPU)
		{4027C262-41C5-4D7E-8659-89FFCECB4862}.Release|Platform Builder (_TGTCPU).Deploy.0 = Release|Platform Builder (_TGTCPU)
	EndGlobalSection
	GlobalSection(SolutionProperties) = preSolution
		HideSolutionNode = FALSE
	EndGlobalSection
EndGlobal
